
Microsoft Visual Studio Solution File, Format Version 12.00
# Visual Studio Version 16
VisualStudioVersion = 16.0.30517.126
MinimumVisualStudioVersion = 10.0.40219.1
Project("{9A19103F-16F7-4668-BE54-9A1E7A4F7556}") = "KooliProjekt", "KooliProjekt\KooliProjekt.csproj", "{C8637126-4CDD-48B8-BCC9-74D66D4743A5}"
EndProject
Project("{9A19103F-16F7-4668-BE54-9A1E7A4F7556}") = "KooliProjekt.UnitTests", "KooliProjekt.UnitTests\KooliProjekt.UnitTests.csproj", "{8FE3DAEA-8E56-451C-85CD-DA37C5A430EE}"
EndProject
Project("{FAE04EC0-301F-11D3-BF4B-00C04F79EFBC}") = "WPF", "WPF\WPF.csproj", "{CAE7FE8E-2031-47A7-994E-051CEE038454}"
EndProject
Project("{FAE04EC0-301F-11D3-BF4B-00C04F79EFBC}") = "WinForms", "WinForms\WinForms.csproj", "{18069A8E-7A38-406B-9CC0-43941D8BBFA1}"
EndProject
Project("{9A19103F-16F7-4668-BE54-9A1E7A4F7556}") = "KooliProjekt.IntegrationTests", "KooliProjekt.IntegrationTests\KooliProjekt.IntegrationTests.csproj", "{BE206CFB-E8AE-430E-B242-10118242CB0C}"
EndProject
Global
	GlobalSection(SolutionConfigurationPlatforms) = preSolution
		Debug|Any CPU = Debug|Any CPU
		Release|Any CPU = Release|Any CPU
	EndGlobalSection
	GlobalSection(ProjectConfigurationPlatforms) = postSolution
		{C8637126-4CDD-48B8-BCC9-74D66D4743A5}.Debug|Any CPU.ActiveCfg = Debug|Any CPU
		{C8637126-4CDD-48B8-BCC9-74D66D4743A5}.Debug|Any CPU.Build.0 = Debug|Any CPU
		{C8637126-4CDD-48B8-BCC9-74D66D4743A5}.Release|Any CPU.ActiveCfg = Release|Any CPU
		{C8637126-4CDD-48B8-BCC9-74D66D4743A5}.Release|Any CPU.Build.0 = Release|Any CPU
		{8FE3DAEA-8E56-451C-85CD-DA37C5A430EE}.Debug|Any CPU.ActiveCfg = Debug|Any CPU
		{8FE3DAEA-8E56-451C-85CD-DA37C5A430EE}.Debug|Any CPU.Build.0 = Debug|Any CPU
		{8FE3DAEA-8E56-451C-85CD-DA37C5A430EE}.Release|Any CPU.ActiveCfg = Release|Any CPU
		{8FE3DAEA-8E56-451C-85CD-DA37C5A430EE}.Release|Any CPU.Build.0 = Release|Any CPU
		{CAE7FE8E-2031-47A7-994E-051CEE038454}.Debug|Any CPU.ActiveCfg = Debug|Any CPU
		{CAE7FE8E-2031-47A7-994E-051CEE038454}.Debug|Any CPU.Build.0 = Debug|Any CPU
		{CAE7FE8E-2031-47A7-994E-051CEE038454}.Release|Any CPU.ActiveCfg = Release|Any CPU
		{CAE7FE8E-2031-47A7-994E-051CEE038454}.Release|Any CPU.Build.0 = Release|Any CPU
		{18069A8E-7A38-406B-9CC0-43941D8BBFA1}.Debug|Any CPU.ActiveCfg = Debug|Any CPU
		{18069A8E-7A38-406B-9CC0-43941D8BBFA1}.Debug|Any CPU.Build.0 = Debug|Any CPU
		{18069A8E-7A38-406B-9CC0-43941D8BBFA1}.Release|Any CPU.ActiveCfg = Release|Any CPU
		{18069A8E-7A38-406B-9CC0-43941D8BBFA1}.Release|Any CPU.Build.0 = Release|Any CPU
		{BE206CFB-E8AE-430E-B242-10118242CB0C}.Debug|Any CPU.ActiveCfg = Debug|Any CPU
		{BE206CFB-E8AE-430E-B242-10118242CB0C}.Debug|Any CPU.Build.0 = Debug|Any CPU
		{BE206CFB-E8AE-430E-B242-10118242CB0C}.Release|Any CPU.ActiveCfg = Release|Any CPU
		{BE206CFB-E8AE-430E-B242-10118242CB0C}.Release|Any CPU.Build.0 = Release|Any CPU
	EndGlobalSection
	GlobalSection(SolutionProperties) = preSolution
		HideSolutionNode = FALSE
	EndGlobalSection
	GlobalSection(ExtensibilityGlobals) = postSolution
		SolutionGuid = {0F7F9485-F53D-40B9-8853-324F30072D4A}
	EndGlobalSection
EndGlobal
